
Microsoft Visual Studio Solution File, Format Version 12.00
# Visual Studio Version 16
VisualStudioVersion = 16.0.29306.81
MinimumVisualStudioVersion = 10.0.40219.1
Project("{FAE04EC0-301F-11D3-BF4B-00C04F79EFBC}") = "Bestagon", "Bestagon\Bestagon.csproj", "{57D52F2D-C69E-4A16-9A23-1F3F290B4B49}"
EndProject
Project("{FAE04EC0-301F-11D3-BF4B-00C04F79EFBC}") = "Bestagon.Tests", "Bestagon.Tests\Bestagon.Tests.csproj", "{1C341CBC-1F8D-40C6-8093-203C216724BE}"
EndProject
Global
	GlobalSection(SolutionConfigurationPlatforms) = preSolution
		Debug|Any CPU = Debug|Any CPU
		Release|Any CPU = Release|Any CPU
	EndGlobalSection
	GlobalSection(ProjectConfigurationPlatforms) = postSolution
		{57D52F2D-C69E-4A16-9A23-1F3F290B4B49}.Debug|Any CPU.ActiveCfg = Debug|Any CPU
		{57D52F2D-C69E-4A16-9A23-1F3F290B4B49}.Debug|Any CPU.Build.0 = Debug|Any CPU
		{57D52F2D-C69E-4A16-9A23-1F3F290B4B49}.Release|Any CPU.ActiveCfg = Release|Any CPU
		{57D52F2D-C69E-4A16-9A23-1F3F290B4B49}.Release|Any CPU.Build.0 = Release|Any CPU
		{1C341CBC-1F8D-40C6-8093-203C216724BE}.Debug|Any CPU.ActiveCfg = Debug|Any CPU
		{1C341CBC-1F8D-40C6-8093-203C216724BE}.Debug|Any CPU.Build.0 = Debug|Any CPU
		{1C341CBC-1F8D-40C6-8093-203C216724BE}.Release|Any CPU.ActiveCfg = Release|Any CPU
		{1C341CBC-1F8D-40C6-8093-203C216724BE}.Release|Any CPU.Build.0 = Release|Any CPU
	EndGlobalSection
	GlobalSection(SolutionProperties) = preSolution
		HideSolutionNode = FALSE
	EndGlobalSection
	GlobalSection(ExtensibilityGlobals) = postSolution
		SolutionGuid = {E00142DA-3C93-4BFA-93D2-1CF0E666C05C}
	EndGlobalSection
EndGlobal
